
Microsoft Visual Studio Solution File, Format Version 12.00
# Visual Studio Version 17
VisualStudioVersion = 17.0.32014.148
MinimumVisualStudioVersion = 10.0.40219.1
Project("{FAE04EC0-301F-11D3-BF4B-00C04F79EFBC}") = "MongoDB", "MongoDB\MongoDB.csproj", "{6CBAC20A-22F5-45CF-9FF3-C3B33F61127E}"
EndProject
Global
	GlobalSection(SolutionConfigurationPlatforms) = preSolution
		Debug|Any CPU = Debug|Any CPU
		Release|Any CPU = Release|Any CPU
	EndGlobalSection
	GlobalSection(ProjectConfigurationPlatforms) = postSolution
		{6CBAC20A-22F5-45CF-9FF3-C3B33F61127E}.Debug|Any CPU.ActiveCfg = Debug|Any CPU
		{6CBAC20A-22F5-45CF-9FF3-C3B33F61127E}.Debug|Any CPU.Build.0 = Debug|Any CPU
		{6CBAC20A-22F5-45CF-9FF3-C3B33F61127E}.Release|Any CPU.ActiveCfg = Release|Any CPU
		{6CBAC20A-22F5-45CF-9FF3-C3B33F61127E}.Release|Any CPU.Build.0 = Release|Any CPU
	EndGlobalSection
	GlobalSection(SolutionProperties) = preSolution
		HideSolutionNode = FALSE
	EndGlobalSection
	GlobalSection(ExtensibilityGlobals) = postSolution
		SolutionGuid = {1EA59B27-23A1-4B12-AE7A-C3615095EB75}
	EndGlobalSection
EndGlobal
